
Microsoft Visual Studio Solution File, Format Version 12.00
# Visual Studio Version 17
VisualStudioVersion = 17.0.32002.185
MinimumVisualStudioVersion = 10.0.40219.1
Project("{9A19103F-16F7-4668-BE54-9A1E7A4F7556}") = "Objects and Classes", "Objects and Classes\Objects and Classes.csproj", "{81C4B75F-3B63-4058-82CD-703799681B72}"
EndProject
Project("{9A19103F-16F7-4668-BE54-9A1E7A4F7556}") = "Dogs", "Dogs\Dogs.csproj", "{3B991516-9615-45F6-A539-61FB8CB155E1}"
EndProject
Project("{9A19103F-16F7-4668-BE54-9A1E7A4F7556}") = "BoultinClasses", "BoultinClasses\BoultinClasses.csproj", "{6C2379E4-FCCE-4FD1-9B5B-4381CADDE40D}"
EndProject
Project("{9A19103F-16F7-4668-BE54-9A1E7A4F7556}") = "Random Strings", "Random Strings\Random Strings.csproj", "{817ABDB3-6CB9-4FB0-B3F9-2732A05135EB}"
EndProject
Project("{9A19103F-16F7-4668-BE54-9A1E7A4F7556}") = "Big Factorial", "Big Factorial\Big Factorial.csproj", "{66CD5D92-D460-43CF-9511-C25800869A69}"
EndProject
Project("{9A19103F-16F7-4668-BE54-9A1E7A4F7556}") = "GettersAndSetters", "GettersAndSetters\GettersAndSetters.csproj", "{87E6CD16-9955-412E-8932-4188DA894AAB}"
EndProject
Project("{9A19103F-16F7-4668-BE54-9A1E7A4F7556}") = "01 Advertisement Message", "01 Advertisement Message\01 Advertisement Message.csproj", "{D0F19C1E-0376-4023-9B3C-D02565D09D6D}"
EndProject
Project("{9A19103F-16F7-4668-BE54-9A1E7A4F7556}") = "02 Articles", "02 Articles\02 Articles.csproj", "{AACF63DA-9634-4859-93B1-85B30184B4C9}"
EndProject
Project("{FAE04EC0-301F-11D3-BF4B-00C04F79EFBC}") = "03 Articles 20", "03 Articles 20\03 Articles 20.csproj", "{B28D7FD4-578B-45C9-9A34-B4D45445BC56}"
EndProject
Global
	GlobalSection(SolutionConfigurationPlatforms) = preSolution
		Debug|Any CPU = Debug|Any CPU
		Release|Any CPU = Release|Any CPU
	EndGlobalSection
	GlobalSection(ProjectConfigurationPlatforms) = postSolution
		{81C4B75F-3B63-4058-82CD-703799681B72}.Debug|Any CPU.ActiveCfg = Debug|Any CPU
		{81C4B75F-3B63-4058-82CD-703799681B72}.Debug|Any CPU.Build.0 = Debug|Any CPU
		{81C4B75F-3B63-4058-82CD-703799681B72}.Release|Any CPU.ActiveCfg = Release|Any CPU
		{81C4B75F-3B63-4058-82CD-703799681B72}.Release|Any CPU.Build.0 = Release|Any CPU
		{3B991516-9615-45F6-A539-61FB8CB155E1}.Debug|Any CPU.ActiveCfg = Debug|Any CPU
		{3B991516-9615-45F6-A539-61FB8CB155E1}.Debug|Any CPU.Build.0 = Debug|Any CPU
		{3B991516-9615-45F6-A539-61FB8CB155E1}.Release|Any CPU.ActiveCfg = Release|Any CPU
		{3B991516-9615-45F6-A539-61FB8CB155E1}.Release|Any CPU.Build.0 = Release|Any CPU
		{6C2379E4-FCCE-4FD1-9B5B-4381CADDE40D}.Debug|Any CPU.ActiveCfg = Debug|Any CPU
		{6C2379E4-FCCE-4FD1-9B5B-4381CADDE40D}.Debug|Any CPU.Build.0 = Debug|Any CPU
		{6C2379E4-FCCE-4FD1-9B5B-4381CADDE40D}.Release|Any CPU.ActiveCfg = Release|Any CPU
		{6C2379E4-FCCE-4FD1-9B5B-4381CADDE40D}.Release|Any CPU.Build.0 = Release|Any CPU
		{817ABDB3-6CB9-4FB0-B3F9-2732A05135EB}.Debug|Any CPU.ActiveCfg = Debug|Any CPU
		{817ABDB3-6CB9-4FB0-B3F9-2732A05135EB}.Debug|Any CPU.Build.0 = Debug|Any CPU
		{817ABDB3-6CB9-4FB0-B3F9-2732A05135EB}.Release|Any CPU.ActiveCfg = Release|Any CPU
		{817ABDB3-6CB9-4FB0-B3F9-2732A05135EB}.Release|Any CPU.Build.0 = Release|Any CPU
		{66CD5D92-D460-43CF-9511-C25800869A69}.Debug|Any CPU.ActiveCfg = Debug|Any CPU
		{66CD5D92-D460-43CF-9511-C25800869A69}.Debug|Any CPU.Build.0 = Debug|Any CPU
		{66CD5D92-D460-43CF-9511-C25800869A69}.Release|Any CPU.ActiveCfg = Release|Any CPU
		{66CD5D92-D460-43CF-9511-C25800869A69}.Release|Any CPU.Build.0 = Release|Any CPU
		{87E6CD16-9955-412E-8932-4188DA894AAB}.Debug|Any CPU.ActiveCfg = Debug|Any CPU
		{87E6CD16-9955-412E-8932-4188DA894AAB}.Debug|Any CPU.Build.0 = Debug|Any CPU
		{87E6CD16-9955-412E-8932-4188DA894AAB}.Release|Any CPU.ActiveCfg = Release|Any CPU
		{87E6CD16-9955-412E-8932-4188DA894AAB}.Release|Any CPU.Build.0 = Release|Any CPU
		{D0F19C1E-0376-4023-9B3C-D02565D09D6D}.Debug|Any CPU.ActiveCfg = Debug|Any CPU
		{D0F19C1E-0376-4023-9B3C-D02565D09D6D}.Debug|Any CPU.Build.0 = Debug|Any CPU
		{D0F19C1E-0376-4023-9B3C-D02565D09D6D}.Release|Any CPU.ActiveCfg = Release|Any CPU
		{D0F19C1E-0376-4023-9B3C-D02565D09D6D}.Release|Any CPU.Build.0 = Release|Any CPU
		{AACF63DA-9634-4859-93B1-85B30184B4C9}.Debug|Any CPU.ActiveCfg = Debug|Any CPU
		{AACF63DA-9634-4859-93B1-85B30184B4C9}.Debug|Any CPU.Build.0 = Debug|Any CPU
		{AACF63DA-9634-4859-93B1-85B30184B4C9}.Release|Any CPU.ActiveCfg = Release|Any CPU
		{AACF63DA-9634-4859-93B1-85B30184B4C9}.Release|Any CPU.Build.0 = Release|Any CPU
		{B28D7FD4-578B-45C9-9A34-B4D45445BC56}.Debug|Any CPU.ActiveCfg = Debug|Any CPU
		{B28D7FD4-578B-45C9-9A34-B4D45445BC56}.Debug|Any CPU.Build.0 = Debug|Any CPU
		{B28D7FD4-578B-45C9-9A34-B4D45445BC56}.Release|Any CPU.ActiveCfg = Release|Any CPU
		{B28D7FD4-578B-45C9-9A34-B4D45445BC56}.Release|Any CPU.Build.0 = Release|Any CPU
	EndGlobalSection
	GlobalSection(SolutionProperties) = preSolution
		HideSolutionNode = FALSE
	EndGlobalSection
	GlobalSection(ExtensibilityGlobals) = postSolution
		SolutionGuid = {F07ECB3D-82DB-4420-B70F-014FCB8F27C5}
	EndGlobalSection
EndGlobal
