
Microsoft Visual Studio Solution File, Format Version 12.00
# Visual Studio Version 16
VisualStudioVersion = 16.0.31911.196
MinimumVisualStudioVersion = 10.0.40219.1
Project("{9A19103F-16F7-4668-BE54-9A1E7A4F7556}") = "Objects and Classes", "Objects and Classes\Objects and Classes.csproj", "{81C4B75F-3B63-4058-82CD-703799681B72}"
EndProject
Project("{FAE04EC0-301F-11D3-BF4B-00C04F79EFBC}") = "Dogs", "Dogs\Dogs.csproj", "{3B991516-9615-45F6-A539-61FB8CB155E1}"
EndProject
Global
	GlobalSection(SolutionConfigurationPlatforms) = preSolution
		Debug|Any CPU = Debug|Any CPU
		Release|Any CPU = Release|Any CPU
	EndGlobalSection
	GlobalSection(ProjectConfigurationPlatforms) = postSolution
		{81C4B75F-3B63-4058-82CD-703799681B72}.Debug|Any CPU.ActiveCfg = Debug|Any CPU
		{81C4B75F-3B63-4058-82CD-703799681B72}.Debug|Any CPU.Build.0 = Debug|Any CPU
		{81C4B75F-3B63-4058-82CD-703799681B72}.Release|Any CPU.ActiveCfg = Release|Any CPU
		{81C4B75F-3B63-4058-82CD-703799681B72}.Release|Any CPU.Build.0 = Release|Any CPU
		{3B991516-9615-45F6-A539-61FB8CB155E1}.Debug|Any CPU.ActiveCfg = Debug|Any CPU
		{3B991516-9615-45F6-A539-61FB8CB155E1}.Debug|Any CPU.Build.0 = Debug|Any CPU
		{3B991516-9615-45F6-A539-61FB8CB155E1}.Release|Any CPU.ActiveCfg = Release|Any CPU
		{3B991516-9615-45F6-A539-61FB8CB155E1}.Release|Any CPU.Build.0 = Release|Any CPU
	EndGlobalSection
	GlobalSection(SolutionProperties) = preSolution
		HideSolutionNode = FALSE
	EndGlobalSection
	GlobalSection(ExtensibilityGlobals) = postSolution
		SolutionGuid = {F07ECB3D-82DB-4420-B70F-014FCB8F27C5}
	EndGlobalSection
EndGlobal
